
Microsoft Visual Studio Solution File, Format Version 12.00
# Visual Studio Version 17
VisualStudioVersion = 17.13.35931.197
MinimumVisualStudioVersion = 10.0.40219.1
Project("{FAE04EC0-301F-11D3-BF4B-00C04F79EFBC}") = "ProductManagement.Dominio", "ProductManagement.Dominio\ProductManagement.Dominio.csproj", "{0E6CE10F-E359-4032-A630-B934AD2E7A99}"
EndProject
Project("{FAE04EC0-301F-11D3-BF4B-00C04F79EFBC}") = "ProductManagement.Aplicacion", "ProductManagement.Aplicacion\ProductManagement.Aplicacion.csproj", "{C877F35B-60C0-4557-A1A3-E717FA5E2A2A}"
EndProject
Project("{FAE04EC0-301F-11D3-BF4B-00C04F79EFBC}") = "ProductManagement.Infraestructura", "ProductManagement.Infraestructura\ProductManagement.Infraestructura.csproj", "{8A31EEC7-7289-4579-AFE7-CCD16EDB201A}"
EndProject
Project("{FAE04EC0-301F-11D3-BF4B-00C04F79EFBC}") = "ProductManagement.Api", "ProductManagement.Api\ProductManagement.Api.csproj", "{EF22CDA4-C317-4B88-8D3F-58CBE48F2E28}"
EndProject
Global
	GlobalSection(SolutionConfigurationPlatforms) = preSolution
		Debug|Any CPU = Debug|Any CPU
		Release|Any CPU = Release|Any CPU
	EndGlobalSection
	GlobalSection(ProjectConfigurationPlatforms) = postSolution
		{0E6CE10F-E359-4032-A630-B934AD2E7A99}.Debug|Any CPU.ActiveCfg = Debug|Any CPU
		{0E6CE10F-E359-4032-A630-B934AD2E7A99}.Debug|Any CPU.Build.0 = Debug|Any CPU
		{0E6CE10F-E359-4032-A630-B934AD2E7A99}.Release|Any CPU.ActiveCfg = Release|Any CPU
		{0E6CE10F-E359-4032-A630-B934AD2E7A99}.Release|Any CPU.Build.0 = Release|Any CPU
		{C877F35B-60C0-4557-A1A3-E717FA5E2A2A}.Debug|Any CPU.ActiveCfg = Debug|Any CPU
		{C877F35B-60C0-4557-A1A3-E717FA5E2A2A}.Debug|Any CPU.Build.0 = Debug|Any CPU
		{C877F35B-60C0-4557-A1A3-E717FA5E2A2A}.Release|Any CPU.ActiveCfg = Release|Any CPU
		{C877F35B-60C0-4557-A1A3-E717FA5E2A2A}.Release|Any CPU.Build.0 = Release|Any CPU
		{8A31EEC7-7289-4579-AFE7-CCD16EDB201A}.Debug|Any CPU.ActiveCfg = Debug|Any CPU
		{8A31EEC7-7289-4579-AFE7-CCD16EDB201A}.Debug|Any CPU.Build.0 = Debug|Any CPU
		{8A31EEC7-7289-4579-AFE7-CCD16EDB201A}.Release|Any CPU.ActiveCfg = Release|Any CPU
		{8A31EEC7-7289-4579-AFE7-CCD16EDB201A}.Release|Any CPU.Build.0 = Release|Any CPU
		{EF22CDA4-C317-4B88-8D3F-58CBE48F2E28}.Debug|Any CPU.ActiveCfg = Debug|Any CPU
		{EF22CDA4-C317-4B88-8D3F-58CBE48F2E28}.Debug|Any CPU.Build.0 = Debug|Any CPU
		{EF22CDA4-C317-4B88-8D3F-58CBE48F2E28}.Release|Any CPU.ActiveCfg = Release|Any CPU
		{EF22CDA4-C317-4B88-8D3F-58CBE48F2E28}.Release|Any CPU.Build.0 = Release|Any CPU
	EndGlobalSection
	GlobalSection(SolutionProperties) = preSolution
		HideSolutionNode = FALSE
	EndGlobalSection
	GlobalSection(ExtensibilityGlobals) = postSolution
		SolutionGuid = {43732B0C-A26C-4C59-91B9-5111B1B1951F}
	EndGlobalSection
EndGlobal
